
Microsoft Visual Studio Solution File, Format Version 12.00
# Visual Studio Version 16
VisualStudioVersion = 16.0.29613.14
MinimumVisualStudioVersion = 10.0.40219.1
Project("{FAE04EC0-301F-11D3-BF4B-00C04F79EFBC}") = "Hangouts-Takeout-JSON-Parser", "Hangouts-Takeout-JSON-Parser.csproj", "{2187C9BE-7F21-46F6-B759-8D6B3885E8F1}"
EndProject
Global
	GlobalSection(SolutionConfigurationPlatforms) = preSolution
		Debug|Any CPU = Debug|Any CPU
		Release|Any CPU = Release|Any CPU
	EndGlobalSection
	GlobalSection(ProjectConfigurationPlatforms) = postSolution
		{2187C9BE-7F21-46F6-B759-8D6B3885E8F1}.Debug|Any CPU.ActiveCfg = Debug|Any CPU
		{2187C9BE-7F21-46F6-B759-8D6B3885E8F1}.Debug|Any CPU.Build.0 = Debug|Any CPU
		{2187C9BE-7F21-46F6-B759-8D6B3885E8F1}.Release|Any CPU.ActiveCfg = Release|Any CPU
		{2187C9BE-7F21-46F6-B759-8D6B3885E8F1}.Release|Any CPU.Build.0 = Release|Any CPU
	EndGlobalSection
	GlobalSection(SolutionProperties) = preSolution
		HideSolutionNode = FALSE
	EndGlobalSection
	GlobalSection(ExtensibilityGlobals) = postSolution
		SolutionGuid = {24D06827-D9B0-4719-9425-E736BAFC2081}
	EndGlobalSection
EndGlobal
